# THIS IS AN AUTOGENERATED FILE. DO NOT EDIT THIS FILE DIRECTLY.
# yarn lockfile v1


"@webcomponents/webcomponentsjs@^2.2.4":
  version "2.2.7"
  resolved "https://globaldevtools.bbva.com:443/artifactory/api/npm/npm-repo/@webcomponents/webcomponentsjs/-/webcomponentsjs-2.2.7.tgz#1f1a7a7aa083db5ae6aadaeda68caa8fd8657462"
  integrity sha1-Hxp6eqCD21rmqtrtpoyqj9hldGI=

"js-tokens@^3.0.0 || ^4.0.0":
  version "4.0.0"
  resolved "https://globaldevtools.bbva.com:443/artifactory/api/npm/npm-repo/js-tokens/-/js-tokens-4.0.0.tgz#19203fb59991df98e3a287050d4647cdeaf32499"
  integrity sha1-GSA/tZmR35jjoocFDUZHzerzJJk=

lit-element@^2.0.0:
  version "2.0.1"
  resolved "https://globaldevtools.bbva.com:443/artifactory/api/npm/npm-repo/lit-element/-/lit-element-2.0.1.tgz#9ec5871d3b64487f432c7c071df80ef031d7091b"
  integrity sha1-nsWHHTtkSH9DLHwHHfgO8DHXCRs=
  dependencies:
    lit-html "^1.0.0"

lit-html@^1.0.0:
  version "1.0.0"
  resolved "https://globaldevtools.bbva.com:443/artifactory/api/npm/npm-repo/lit-html/-/lit-html-1.0.0.tgz#3dc3781a8ca68a9b5c2ff2a61e263662b9b2267b"
  integrity sha1-PcN4GoymiptcL/KmHiY2YrmyJns=

loose-envify@^1.4.0:
  version "1.4.0"
  resolved "https://globaldevtools.bbva.com:443/artifactory/api/npm/npm-repo/loose-envify/-/loose-envify-1.4.0.tgz#71ee51fa7be4caec1a63839f7e682d8132d30caf"
  integrity sha1-ce5R+nvkyuwaY4OffmgtgTLTDK8=
  dependencies:
    js-tokens "^3.0.0 || ^4.0.0"

pwa-helpers@^0.9.0:
  version "0.9.1"
  resolved "https://globaldevtools.bbva.com:443/artifactory/api/npm/npm-repo/pwa-helpers/-/pwa-helpers-0.9.1.tgz#9ea22fa1996ab97df73b276cae962621c3fd2532"
  integrity sha1-nqIvoZlquX33OydsrpYmIcP9JTI=

redux-thunk@^2.3.0:
  version "2.3.0"
  resolved "https://globaldevtools.bbva.com:443/artifactory/api/npm/npm-repo/redux-thunk/-/redux-thunk-2.3.0.tgz#51c2c19a185ed5187aaa9a2d08b666d0d6467622"
  integrity sha1-UcLBmhhe1Rh6qpotCLZm0NZGdiI=

redux@^4.0.0:
  version "4.0.1"
  resolved "https://globaldevtools.bbva.com:443/artifactory/api/npm/npm-repo/redux/-/redux-4.0.1.tgz#436cae6cc40fbe4727689d7c8fae44808f1bfef5"
  integrity sha1-Q2yubMQPvkcnaJ18j65EgI8b/vU=
  dependencies:
    loose-envify "^1.4.0"
    symbol-observable "^1.2.0"

symbol-observable@^1.2.0:
  version "1.2.0"
  resolved "https://globaldevtools.bbva.com:443/artifactory/api/npm/npm-repo/symbol-observable/-/symbol-observable-1.2.0.tgz#c22688aed4eab3cdc2dfeacbb561660560a00804"
  integrity sha1-wiaIrtTqs83C3+rLtWFmBWCgCAQ=
